
Microsoft Visual Studio Solution File, Format Version 12.00
# Visual Studio 15
VisualStudioVersion = 15.0.26124.0
MinimumVisualStudioVersion = 15.0.26124.0
Project("{FAE04EC0-301F-11D3-BF4B-00C04F79EFBC}") = "LitRedis.Core", "LitRedis.Core\LitRedis.Core.csproj", "{98130F8E-25D8-49BD-B2FD-5C150480A4C2}"
EndProject
Project("{FAE04EC0-301F-11D3-BF4B-00C04F79EFBC}") = "LitRedis.Tests", "LitRedis.Tests\LitRedis.Tests.csproj", "{0485DAC5-F195-4973-946A-C49F6C823044}"
EndProject
Project("{FAE04EC0-301F-11D3-BF4B-00C04F79EFBC}") = "LitRedis.Sample", "LitRedis.Sample\LitRedis.Sample.csproj", "{1B87AA4D-36C2-4040-968C-00D3232FC30A}"
EndProject
Project("{2150E333-8FDC-42A3-9474-1A3956D46DE8}") = "SolutionItems", "SolutionItems", "{6F9F696A-3639-4D05-866A-555D06C667C4}"
ProjectSection(SolutionItems) = preProject
	README.md = README.md
	nuget-image.png = nuget-image.png
	LICENSE = LICENSE
	.editorconfig = .editorconfig
	.gitignore = .gitignore
	.github\workflows\build-and-test.yml = .github\workflows\build-and-test.yml
	.github\workflows\build-test-and-release.yml = .github\workflows\build-test-and-release.yml
	.github\ISSUE_TEMPLATE\feature_request.md = .github\ISSUE_TEMPLATE\feature_request.md
	.github\ISSUE_TEMPLATE\bug_report.md = .github\ISSUE_TEMPLATE\bug_report.md
EndProjectSection
EndProject
Project("{FAE04EC0-301F-11D3-BF4B-00C04F79EFBC}") = "LitRedis.IntegrationTests", "LitRedis.IntegrationTests\LitRedis.IntegrationTests.csproj", "{573133D4-A86B-4C7A-A35C-1B841F46B616}"
EndProject
Global
	GlobalSection(SolutionConfigurationPlatforms) = preSolution
		Debug|Any CPU = Debug|Any CPU
		Debug|x64 = Debug|x64
		Debug|x86 = Debug|x86
		Release|Any CPU = Release|Any CPU
		Release|x64 = Release|x64
		Release|x86 = Release|x86
	EndGlobalSection
	GlobalSection(SolutionProperties) = preSolution
		HideSolutionNode = FALSE
	EndGlobalSection
	GlobalSection(ProjectConfigurationPlatforms) = postSolution
		{98130F8E-25D8-49BD-B2FD-5C150480A4C2}.Debug|Any CPU.ActiveCfg = Debug|Any CPU
		{98130F8E-25D8-49BD-B2FD-5C150480A4C2}.Debug|Any CPU.Build.0 = Debug|Any CPU
		{98130F8E-25D8-49BD-B2FD-5C150480A4C2}.Debug|x64.ActiveCfg = Debug|Any CPU
		{98130F8E-25D8-49BD-B2FD-5C150480A4C2}.Debug|x64.Build.0 = Debug|Any CPU
		{98130F8E-25D8-49BD-B2FD-5C150480A4C2}.Debug|x86.ActiveCfg = Debug|Any CPU
		{98130F8E-25D8-49BD-B2FD-5C150480A4C2}.Debug|x86.Build.0 = Debug|Any CPU
		{98130F8E-25D8-49BD-B2FD-5C150480A4C2}.Release|Any CPU.ActiveCfg = Release|Any CPU
		{98130F8E-25D8-49BD-B2FD-5C150480A4C2}.Release|Any CPU.Build.0 = Release|Any CPU
		{98130F8E-25D8-49BD-B2FD-5C150480A4C2}.Release|x64.ActiveCfg = Release|Any CPU
		{98130F8E-25D8-49BD-B2FD-5C150480A4C2}.Release|x64.Build.0 = Release|Any CPU
		{98130F8E-25D8-49BD-B2FD-5C150480A4C2}.Release|x86.ActiveCfg = Release|Any CPU
		{98130F8E-25D8-49BD-B2FD-5C150480A4C2}.Release|x86.Build.0 = Release|Any CPU
		{0485DAC5-F195-4973-946A-C49F6C823044}.Debug|Any CPU.ActiveCfg = Debug|Any CPU
		{0485DAC5-F195-4973-946A-C49F6C823044}.Debug|Any CPU.Build.0 = Debug|Any CPU
		{0485DAC5-F195-4973-946A-C49F6C823044}.Debug|x64.ActiveCfg = Debug|Any CPU
		{0485DAC5-F195-4973-946A-C49F6C823044}.Debug|x64.Build.0 = Debug|Any CPU
		{0485DAC5-F195-4973-946A-C49F6C823044}.Debug|x86.ActiveCfg = Debug|Any CPU
		{0485DAC5-F195-4973-946A-C49F6C823044}.Debug|x86.Build.0 = Debug|Any CPU
		{0485DAC5-F195-4973-946A-C49F6C823044}.Release|Any CPU.ActiveCfg = Release|Any CPU
		{0485DAC5-F195-4973-946A-C49F6C823044}.Release|Any CPU.Build.0 = Release|Any CPU
		{0485DAC5-F195-4973-946A-C49F6C823044}.Release|x64.ActiveCfg = Release|Any CPU
		{0485DAC5-F195-4973-946A-C49F6C823044}.Release|x64.Build.0 = Release|Any CPU
		{0485DAC5-F195-4973-946A-C49F6C823044}.Release|x86.ActiveCfg = Release|Any CPU
		{0485DAC5-F195-4973-946A-C49F6C823044}.Release|x86.Build.0 = Release|Any CPU
		{1B87AA4D-36C2-4040-968C-00D3232FC30A}.Debug|Any CPU.ActiveCfg = Debug|Any CPU
		{1B87AA4D-36C2-4040-968C-00D3232FC30A}.Debug|Any CPU.Build.0 = Debug|Any CPU
		{1B87AA4D-36C2-4040-968C-00D3232FC30A}.Debug|x64.ActiveCfg = Debug|Any CPU
		{1B87AA4D-36C2-4040-968C-00D3232FC30A}.Debug|x64.Build.0 = Debug|Any CPU
		{1B87AA4D-36C2-4040-968C-00D3232FC30A}.Debug|x86.ActiveCfg = Debug|Any CPU
		{1B87AA4D-36C2-4040-968C-00D3232FC30A}.Debug|x86.Build.0 = Debug|Any CPU
		{1B87AA4D-36C2-4040-968C-00D3232FC30A}.Release|Any CPU.ActiveCfg = Release|Any CPU
		{1B87AA4D-36C2-4040-968C-00D3232FC30A}.Release|Any CPU.Build.0 = Release|Any CPU
		{1B87AA4D-36C2-4040-968C-00D3232FC30A}.Release|x64.ActiveCfg = Release|Any CPU
		{1B87AA4D-36C2-4040-968C-00D3232FC30A}.Release|x64.Build.0 = Release|Any CPU
		{1B87AA4D-36C2-4040-968C-00D3232FC30A}.Release|x86.ActiveCfg = Release|Any CPU
		{1B87AA4D-36C2-4040-968C-00D3232FC30A}.Release|x86.Build.0 = Release|Any CPU
		{573133D4-A86B-4C7A-A35C-1B841F46B616}.Debug|Any CPU.ActiveCfg = Debug|Any CPU
		{573133D4-A86B-4C7A-A35C-1B841F46B616}.Debug|Any CPU.Build.0 = Debug|Any CPU
		{573133D4-A86B-4C7A-A35C-1B841F46B616}.Debug|x64.ActiveCfg = Debug|Any CPU
		{573133D4-A86B-4C7A-A35C-1B841F46B616}.Debug|x64.Build.0 = Debug|Any CPU
		{573133D4-A86B-4C7A-A35C-1B841F46B616}.Debug|x86.ActiveCfg = Debug|Any CPU
		{573133D4-A86B-4C7A-A35C-1B841F46B616}.Debug|x86.Build.0 = Debug|Any CPU
		{573133D4-A86B-4C7A-A35C-1B841F46B616}.Release|Any CPU.ActiveCfg = Release|Any CPU
		{573133D4-A86B-4C7A-A35C-1B841F46B616}.Release|Any CPU.Build.0 = Release|Any CPU
		{573133D4-A86B-4C7A-A35C-1B841F46B616}.Release|x64.ActiveCfg = Release|Any CPU
		{573133D4-A86B-4C7A-A35C-1B841F46B616}.Release|x64.Build.0 = Release|Any CPU
		{573133D4-A86B-4C7A-A35C-1B841F46B616}.Release|x86.ActiveCfg = Release|Any CPU
		{573133D4-A86B-4C7A-A35C-1B841F46B616}.Release|x86.Build.0 = Release|Any CPU
	EndGlobalSection
EndGlobal
